{
  "lockfile_version": "1",
  "packages": {
    "nodejs-slim@latest": {
      "last_modified": "2024-07-07T07:43:47Z",
      "plugin_version": "0.0.2",
      "resolved": "github:NixOS/nixpkgs/b60793b86201040d9dee019a05089a9150d08b5b#nodejs-slim_22",
      "source": "devbox-search",
      "version": "22.3.0",
      "systems": {
        "aarch64-darwin": {
          "outputs": [
            {
              "name": "out",
              "path": "/nix/store/ks6ppnwkq2fwnf089rc3igsn1zd4k9a6-nodejs-slim-22.3.0",
              "default": true
            },
            {
              "name": "libv8",
              "path": "/nix/store/py8hr2z8cw84ba0i1pq229fcd7jd903d-nodejs-slim-22.3.0-libv8"
            }
          ],
          "store_path": "/nix/store/ks6ppnwkq2fwnf089rc3igsn1zd4k9a6-nodejs-slim-22.3.0"
        },
        "aarch64-linux": {
          "outputs": [
            {
              "name": "out",
              "path": "/nix/store/vy7v26bs9lmk0n8i8ngflfphcnm30p53-nodejs-slim-22.3.0",
              "default": true
            },
            {
              "name": "libv8",
              "path": "/nix/store/6sqx3s2i6g5mxfqx8114bkab5v9r9s74-nodejs-slim-22.3.0-libv8"
            }
          ],
          "store_path": "/nix/store/vy7v26bs9lmk0n8i8ngflfphcnm30p53-nodejs-slim-22.3.0"
        },
        "x86_64-darwin": {
          "outputs": [
            {
              "name": "out",
              "path": "/nix/store/hppp7g3vhbb7m9d806b7x2g4cwx082s9-nodejs-slim-22.3.0",
              "default": true
            },
            {
              "name": "libv8",
              "path": "/nix/store/l85sjnd90karm3i7yg43rrjks4d6nvm9-nodejs-slim-22.3.0-libv8"
            }
          ],
          "store_path": "/nix/store/hppp7g3vhbb7m9d806b7x2g4cwx082s9-nodejs-slim-22.3.0"
        },
        "x86_64-linux": {
          "outputs": [
            {
              "name": "out",
              "path": "/nix/store/f355629pb59ihlaiabvrrvgpgnay2l40-nodejs-slim-22.3.0",
              "default": true
            },
            {
              "name": "libv8",
              "path": "/nix/store/p42i0k17r9qqzy3md05fqcp66zj3wfy8-nodejs-slim-22.3.0-libv8"
            }
          ],
          "store_path": "/nix/store/f355629pb59ihlaiabvrrvgpgnay2l40-nodejs-slim-22.3.0"
        }
      }
    },
    "turso-cli@latest": {
      "last_modified": "2024-07-07T07:43:47Z",
      "resolved": "github:NixOS/nixpkgs/b60793b86201040d9dee019a05089a9150d08b5b#turso-cli",
      "source": "devbox-search",
      "version": "0.96.0",
      "systems": {
        "aarch64-darwin": {
          "outputs": [
            {
              "name": "out",
              "path": "/nix/store/j16ghybjzkbiv4sadx7hq9df6mafbm0q-turso-cli-0.96.0",
              "default": true
            }
          ],
          "store_path": "/nix/store/j16ghybjzkbiv4sadx7hq9df6mafbm0q-turso-cli-0.96.0"
        },
        "aarch64-linux": {
          "outputs": [
            {
              "name": "out",
              "path": "/nix/store/c7zajjj6lr8sfxnqhzzr4fjhyci13n0y-turso-cli-0.96.0",
              "default": true
            }
          ],
          "store_path": "/nix/store/c7zajjj6lr8sfxnqhzzr4fjhyci13n0y-turso-cli-0.96.0"
        },
        "x86_64-darwin": {
          "outputs": [
            {
              "name": "out",
              "path": "/nix/store/rza6jqs441hmaxhprgz2l4lnda146ycd-turso-cli-0.96.0",
              "default": true
            }
          ],
          "store_path": "/nix/store/rza6jqs441hmaxhprgz2l4lnda146ycd-turso-cli-0.96.0"
        },
        "x86_64-linux": {
          "outputs": [
            {
              "name": "out",
              "path": "/nix/store/kyfgridp3djwc2a21cywyc4ak87mjy6h-turso-cli-0.96.0",
              "default": true
            }
          ],
          "store_path": "/nix/store/kyfgridp3djwc2a21cywyc4ak87mjy6h-turso-cli-0.96.0"
        }
      }
    }
  }
}
